
Microsoft Visual Studio Solution File, Format Version 12.00
# Visual Studio 15
VisualStudioVersion = 15.0.27703.2026
MinimumVisualStudioVersion = 10.0.40219.1
Project("{FAE04EC0-301F-11D3-BF4B-00C04F79EFBC}") = "RoastChat", "RoastChat\RoastChat.csproj", "{BB3A89C5-E8B2-436A-B376-4F1509FF7AFC}"
EndProject
Global
	GlobalSection(SolutionConfigurationPlatforms) = preSolution
		Debug|Any CPU = Debug|Any CPU
		Release|Any CPU = Release|Any CPU
	EndGlobalSection
	GlobalSection(ProjectConfigurationPlatforms) = postSolution
		{BB3A89C5-E8B2-436A-B376-4F1509FF7AFC}.Debug|Any CPU.ActiveCfg = Debug|Any CPU
		{BB3A89C5-E8B2-436A-B376-4F1509FF7AFC}.Debug|Any CPU.Build.0 = Debug|Any CPU
		{BB3A89C5-E8B2-436A-B376-4F1509FF7AFC}.Release|Any CPU.ActiveCfg = Release|Any CPU
		{BB3A89C5-E8B2-436A-B376-4F1509FF7AFC}.Release|Any CPU.Build.0 = Release|Any CPU
	EndGlobalSection
	GlobalSection(SolutionProperties) = preSolution
		HideSolutionNode = FALSE
	EndGlobalSection
	GlobalSection(ExtensibilityGlobals) = postSolution
		SolutionGuid = {7BE1A919-6710-46CD-8EAF-90623453782D}
	EndGlobalSection
EndGlobal
